
Microsoft Visual Studio Solution File, Format Version 12.00
# Visual Studio Version 17
VisualStudioVersion = 17.2.32616.157
MinimumVisualStudioVersion = 10.0.40219.1
Project("{C297C03B-F9E8-4873-B93E-F722E2E3167F}") = "DynVarGenerator", "DynVarGenerator.csproj", "{F16F3A0D-4399-4740-808E-2314DCC4806B}"
EndProject
Global
	GlobalSection(SolutionConfigurationPlatforms) = preSolution
		Debug|Any CPU = Debug|Any CPU
		Release|Any CPU = Release|Any CPU
	EndGlobalSection
	GlobalSection(ProjectConfigurationPlatforms) = postSolution
		{F16F3A0D-4399-4740-808E-2314DCC4806B}.Release|Any CPU.ActiveCfg = Release|Any CPU
		{F16F3A0D-4399-4740-808E-2314DCC4806B}.Release|Any CPU.Build.0 = Release|Any CPU
		{F16F3A0D-4399-4740-808E-2314DCC4806B}.Debug|Any CPU.ActiveCfg = Debug|Any CPU
		{F16F3A0D-4399-4740-808E-2314DCC4806B}.Debug|Any CPU.Build.0 = Debug|Any CPU
	EndGlobalSection
	GlobalSection(SolutionProperties) = preSolution
		HideSolutionNode = FALSE
	EndGlobalSection
	GlobalSection(ExtensibilityGlobals) = postSolution
		SolutionGuid = {C297C03B-F9E8-4873-B93E-F722E2E3167F}
	EndGlobalSection
EndGlobal
